// !$*UTF8*$!
{
	archiveVersion = 1;
	classes = {
	};
	objectVersion = 46;
	objects = {

/* Begin PBXBuildFile section */
		5425E0E41EACCF150008D013 /* PersonalDataView.swift in Sources */ = {isa = PBXBuildFile; fileRef = 5425E0E31EACCF150008D013 /* PersonalDataView.swift */; };
		542767941EABC7E200B341D1 /* javascript.js in Resources */ = {isa = PBXBuildFile; fileRef = 542767921EABC7E200B341D1 /* javascript.js */; };
		542767951EABC7E200B341D1 /* mapa.html in Resources */ = {isa = PBXBuildFile; fileRef = 542767931EABC7E200B341D1 /* mapa.html */; };
		542DE2B21EB268DD004751ED /* MapTableController.swift in Sources */ = {isa = PBXBuildFile; fileRef = 542DE2B11EB268DD004751ED /* MapTableController.swift */; };
		542DE2B41EB2941D004751ED /* Mapa.swift in Sources */ = {isa = PBXBuildFile; fileRef = 542DE2B31EB2941D004751ED /* Mapa.swift */; };
		543216A31EC4C2A400453761 /* TransferCoches.swift in Sources */ = {isa = PBXBuildFile; fileRef = 543216A21EC4C2A400453761 /* TransferCoches.swift */; };
		5463DD691EAFF0C100FDE2DA /* AddCarView.swift in Sources */ = {isa = PBXBuildFile; fileRef = 5463DD681EAFF0C100FDE2DA /* AddCarView.swift */; };
		547970831EA6792700126B51 /* conexion.swift in Sources */ = {isa = PBXBuildFile; fileRef = 547970821EA6792700126B51 /* conexion.swift */; };
		547A81B61EC334E000DC2E57 /* URLExtension.swift in Sources */ = {isa = PBXBuildFile; fileRef = 547A81B51EC334E000DC2E57 /* URLExtension.swift */; };
		549199C81EAF85ED009347CC /* CarPrincipalView.swift in Sources */ = {isa = PBXBuildFile; fileRef = 549199C71EAF85ED009347CC /* CarPrincipalView.swift */; };
		549199CA1EAF87F0009347CC /* Coches.swift in Sources */ = {isa = PBXBuildFile; fileRef = 549199C91EAF87F0009347CC /* Coches.swift */; };
		54A47EFD1EAA3E6700340E5E /* MapView.swift in Sources */ = {isa = PBXBuildFile; fileRef = 54A47EFC1EAA3E6700340E5E /* MapView.swift */; };
		54AF9D781EC3755100973D1D /* error.css in Resources */ = {isa = PBXBuildFile; fileRef = 54AF9D751EC3755100973D1D /* error.css */; };
		54AF9D791EC3755100973D1D /* error.html in Resources */ = {isa = PBXBuildFile; fileRef = 54AF9D761EC3755100973D1D /* error.html */; };
		54AF9D7A1EC3755100973D1D /* Error.png in Resources */ = {isa = PBXBuildFile; fileRef = 54AF9D771EC3755100973D1D /* Error.png */; };
		54C1CAF81EA81E5000B3EBF6 /* Extensiones.swift in Sources */ = {isa = PBXBuildFile; fileRef = 54C1CAF71EA81E5000B3EBF6 /* Extensiones.swift */; };
		54D3381B1EA29B5600B7AFB5 /* AppDelegate.swift in Sources */ = {isa = PBXBuildFile; fileRef = 54D3381A1EA29B5600B7AFB5 /* AppDelegate.swift */; };
		54D3381D1EA29B5600B7AFB5 /* ViewController.swift in Sources */ = {isa = PBXBuildFile; fileRef = 54D3381C1EA29B5600B7AFB5 /* ViewController.swift */; };
		54D338201EA29B5600B7AFB5 /* Main.storyboard in Resources */ = {isa = PBXBuildFile; fileRef = 54D3381E1EA29B5600B7AFB5 /* Main.storyboard */; };
		54D338221EA29B5600B7AFB5 /* Assets.xcassets in Resources */ = {isa = PBXBuildFile; fileRef = 54D338211EA29B5600B7AFB5 /* Assets.xcassets */; };
		54D338251EA29B5600B7AFB5 /* LaunchScreen.storyboard in Resources */ = {isa = PBXBuildFile; fileRef = 54D338231EA29B5600B7AFB5 /* LaunchScreen.storyboard */; };
		54D338301EA29B5700B7AFB5 /* CarFinderTests.swift in Sources */ = {isa = PBXBuildFile; fileRef = 54D3382F1EA29B5700B7AFB5 /* CarFinderTests.swift */; };
		54D3383B1EA29B5700B7AFB5 /* CarFinderUITests.swift in Sources */ = {isa = PBXBuildFile; fileRef = 54D3383A1EA29B5700B7AFB5 /* CarFinderUITests.swift */; };
		54E696A21EA7CF91008E74A6 /* LoggedView.swift in Sources */ = {isa = PBXBuildFile; fileRef = 54E696A11EA7CF91008E74A6 /* LoggedView.swift */; };
		54E696A41EA7D081008E74A6 /* Logged.storyboard in Resources */ = {isa = PBXBuildFile; fileRef = 54E696A31EA7D081008E74A6 /* Logged.storyboard */; };
		54F48BEC1EA95953009E4D49 /* SettingsView.swift in Sources */ = {isa = PBXBuildFile; fileRef = 54F48BEB1EA95953009E4D49 /* SettingsView.swift */; };
		54F507E31EA7F3690041B476 /* Usuarios.swift in Sources */ = {isa = PBXBuildFile; fileRef = 54F507E21EA7F3690041B476 /* Usuarios.swift */; };
		54F507E51EA80A2F0041B476 /* RegistroView.swift in Sources */ = {isa = PBXBuildFile; fileRef = 54F507E41EA80A2F0041B476 /* RegistroView.swift */; };
/* End PBXBuildFile section */

/* Begin PBXContainerItemProxy section */
		54D3382C1EA29B5700B7AFB5 /* PBXContainerItemProxy */ = {
			isa = PBXContainerItemProxy;
			containerPortal = 54D3380F1EA29B5600B7AFB5 /* Project object */;
			proxyType = 1;
			remoteGlobalIDString = 54D338161EA29B5600B7AFB5;
			remoteInfo = CarFinder;
		};
		54D338371EA29B5700B7AFB5 /* PBXContainerItemProxy */ = {
			isa = PBXContainerItemProxy;
			containerPortal = 54D3380F1EA29B5600B7AFB5 /* Project object */;
			proxyType = 1;
			remoteGlobalIDString = 54D338161EA29B5600B7AFB5;
			remoteInfo = CarFinder;
		};
/* End PBXContainerItemProxy section */

/* Begin PBXFileReference section */
		5425E0E31EACCF150008D013 /* PersonalDataView.swift */ = {isa = PBXFileReference; fileEncoding = 4; lastKnownFileType = sourcecode.swift; path = PersonalDataView.swift; sourceTree = "<group>"; };
		542767921EABC7E200B341D1 /* javascript.js */ = {isa = PBXFileReference; fileEncoding = 4; lastKnownFileType = sourcecode.javascript; path = javascript.js; sourceTree = "<group>"; };
		542767931EABC7E200B341D1 /* mapa.html */ = {isa = PBXFileReference; fileEncoding = 4; lastKnownFileType = text.html; path = mapa.html; sourceTree = "<group>"; };
		542DE2B11EB268DD004751ED /* MapTableController.swift */ = {isa = PBXFileReference; fileEncoding = 4; lastKnownFileType = sourcecode.swift; path = MapTableController.swift; sourceTree = "<group>"; };
		542DE2B31EB2941D004751ED /* Mapa.swift */ = {isa = PBXFileReference; fileEncoding = 4; lastKnownFileType = sourcecode.swift; path = Mapa.swift; sourceTree = "<group>"; };
		543216A21EC4C2A400453761 /* TransferCoches.swift */ = {isa = PBXFileReference; fileEncoding = 4; lastKnownFileType = sourcecode.swift; path = TransferCoches.swift; sourceTree = "<group>"; };
		5463DD681EAFF0C100FDE2DA /* AddCarView.swift */ = {isa = PBXFileReference; fileEncoding = 4; lastKnownFileType = sourcecode.swift; path = AddCarView.swift; sourceTree = "<group>"; };
		547970821EA6792700126B51 /* conexion.swift */ = {isa = PBXFileReference; fileEncoding = 4; lastKnownFileType = sourcecode.swift; path = conexion.swift; sourceTree = "<group>"; };
		547A81B51EC334E000DC2E57 /* URLExtension.swift */ = {isa = PBXFileReference; fileEncoding = 4; lastKnownFileType = sourcecode.swift; path = URLExtension.swift; sourceTree = "<group>"; };
		549199C71EAF85ED009347CC /* CarPrincipalView.swift */ = {isa = PBXFileReference; fileEncoding = 4; lastKnownFileType = sourcecode.swift; path = CarPrincipalView.swift; sourceTree = "<group>"; };
		549199C91EAF87F0009347CC /* Coches.swift */ = {isa = PBXFileReference; fileEncoding = 4; lastKnownFileType = sourcecode.swift; path = Coches.swift; sourceTree = "<group>"; };
		54A47EFC1EAA3E6700340E5E /* MapView.swift */ = {isa = PBXFileReference; fileEncoding = 4; lastKnownFileType = sourcecode.swift; path = MapView.swift; sourceTree = "<group>"; };
		54AF9D751EC3755100973D1D /* error.css */ = {isa = PBXFileReference; fileEncoding = 4; lastKnownFileType = text.css; path = error.css; sourceTree = "<group>"; };
		54AF9D761EC3755100973D1D /* error.html */ = {isa = PBXFileReference; fileEncoding = 4; lastKnownFileType = text.html; path = error.html; sourceTree = "<group>"; };
		54AF9D771EC3755100973D1D /* Error.png */ = {isa = PBXFileReference; lastKnownFileType = image.png; path = Error.png; sourceTree = "<group>"; };
		54C1CAF71EA81E5000B3EBF6 /* Extensiones.swift */ = {isa = PBXFileReference; fileEncoding = 4; lastKnownFileType = sourcecode.swift; path = Extensiones.swift; sourceTree = "<group>"; };
		54D338171EA29B5600B7AFB5 /* CarFinder.app */ = {isa = PBXFileReference; explicitFileType = wrapper.application; includeInIndex = 0; path = CarFinder.app; sourceTree = BUILT_PRODUCTS_DIR; };
		54D3381A1EA29B5600B7AFB5 /* AppDelegate.swift */ = {isa = PBXFileReference; lastKnownFileType = sourcecode.swift; path = AppDelegate.swift; sourceTree = "<group>"; };
		54D3381C1EA29B5600B7AFB5 /* ViewController.swift */ = {isa = PBXFileReference; lastKnownFileType = sourcecode.swift; path = ViewController.swift; sourceTree = "<group>"; };
		54D3381F1EA29B5600B7AFB5 /* Base */ = {isa = PBXFileReference; lastKnownFileType = file.storyboard; name = Base; path = Base.lproj/Main.storyboard; sourceTree = "<group>"; };
		54D338211EA29B5600B7AFB5 /* Assets.xcassets */ = {isa = PBXFileReference; lastKnownFileType = folder.assetcatalog; path = Assets.xcassets; sourceTree = "<group>"; };
		54D338241EA29B5600B7AFB5 /* Base */ = {isa = PBXFileReference; lastKnownFileType = file.storyboard; name = Base; path = Base.lproj/LaunchScreen.storyboard; sourceTree = "<group>"; };
		54D338261EA29B5600B7AFB5 /* Info.plist */ = {isa = PBXFileReference; lastKnownFileType = text.plist.xml; path = Info.plist; sourceTree = "<group>"; };
		54D3382B1EA29B5700B7AFB5 /* CarFinderTests.xctest */ = {isa = PBXFileReference; explicitFileType = wrapper.cfbundle; includeInIndex = 0; path = CarFinderTests.xctest; sourceTree = BUILT_PRODUCTS_DIR; };
		54D3382F1EA29B5700B7AFB5 /* CarFinderTests.swift */ = {isa = PBXFileReference; lastKnownFileType = sourcecode.swift; path = CarFinderTests.swift; sourceTree = "<group>"; };
		54D338311EA29B5700B7AFB5 /* Info.plist */ = {isa = PBXFileReference; lastKnownFileType = text.plist.xml; path = Info.plist; sourceTree = "<group>"; };
		54D338361EA29B5700B7AFB5 /* CarFinderUITests.xctest */ = {isa = PBXFileReference; explicitFileType = wrapper.cfbundle; includeInIndex = 0; path = CarFinderUITests.xctest; sourceTree = BUILT_PRODUCTS_DIR; };
		54D3383A1EA29B5700B7AFB5 /* CarFinderUITests.swift */ = {isa = PBXFileReference; lastKnownFileType = sourcecode.swift; path = CarFinderUITests.swift; sourceTree = "<group>"; };
		54D3383C1EA29B5700B7AFB5 /* Info.plist */ = {isa = PBXFileReference; lastKnownFileType = text.plist.xml; path = Info.plist; sourceTree = "<group>"; };
		54E696A11EA7CF91008E74A6 /* LoggedView.swift */ = {isa = PBXFileReference; fileEncoding = 4; lastKnownFileType = sourcecode.swift; path = LoggedView.swift; sourceTree = "<group>"; };
		54E696A31EA7D081008E74A6 /* Logged.storyboard */ = {isa = PBXFileReference; fileEncoding = 4; lastKnownFileType = file.storyboard; path = Logged.storyboard; sourceTree = "<group>"; };
		54F48BEB1EA95953009E4D49 /* SettingsView.swift */ = {isa = PBXFileReference; fileEncoding = 4; lastKnownFileType = sourcecode.swift; path = SettingsView.swift; sourceTree = "<group>"; };
		54F507E21EA7F3690041B476 /* Usuarios.swift */ = {isa = PBXFileReference; fileEncoding = 4; lastKnownFileType = sourcecode.swift; path = Usuarios.swift; sourceTree = "<group>"; };
		54F507E41EA80A2F0041B476 /* RegistroView.swift */ = {isa = PBXFileReference; fileEncoding = 4; lastKnownFileType = sourcecode.swift; path = RegistroView.swift; sourceTree = "<group>"; };
/* End PBXFileReference section */

/* Begin PBXFrameworksBuildPhase section */
		54D338141EA29B5600B7AFB5 /* Frameworks */ = {
			isa = PBXFrameworksBuildPhase;
			buildActionMask = 2147483647;
			files = (
			);
			runOnlyForDeploymentPostprocessing = 0;
		};
		54D338281EA29B5600B7AFB5 /* Frameworks */ = {
			isa = PBXFrameworksBuildPhase;
			buildActionMask = 2147483647;
			files = (
			);
			runOnlyForDeploymentPostprocessing = 0;
		};
		54D338331EA29B5700B7AFB5 /* Frameworks */ = {
			isa = PBXFrameworksBuildPhase;
			buildActionMask = 2147483647;
			files = (
			);
			runOnlyForDeploymentPostprocessing = 0;
		};
/* End PBXFrameworksBuildPhase section */

/* Begin PBXGroup section */
		542767911EABC7D300B341D1 /* MapHTML */ = {
			isa = PBXGroup;
			children = (
				542767921EABC7E200B341D1 /* javascript.js */,
				542767931EABC7E200B341D1 /* mapa.html */,
			);
			name = MapHTML;
			sourceTree = "<group>";
		};
		542DE2B01EB268BD004751ED /* MapView */ = {
			isa = PBXGroup;
			children = (
				54A47EFC1EAA3E6700340E5E /* MapView.swift */,
				542DE2B11EB268DD004751ED /* MapTableController.swift */,
			);
			name = MapView;
			sourceTree = "<group>";
		};
		543216A41EC4CDD700453761 /* Frameworks */ = {
			isa = PBXGroup;
			children = (
			);
			name = Frameworks;
			sourceTree = "<group>";
		};
		549199C61EAF85D0009347CC /* Cars */ = {
			isa = PBXGroup;
			children = (
				549199C71EAF85ED009347CC /* CarPrincipalView.swift */,
				5463DD681EAFF0C100FDE2DA /* AddCarView.swift */,
				543216A21EC4C2A400453761 /* TransferCoches.swift */,
			);
			name = Cars;
			sourceTree = "<group>";
		};
		54A47EF91EAA1BFA00340E5E /* Settings */ = {
			isa = PBXGroup;
			children = (
				54F48BEB1EA95953009E4D49 /* SettingsView.swift */,
				5425E0E31EACCF150008D013 /* PersonalDataView.swift */,
			);
			name = Settings;
			sourceTree = "<group>";
		};
		54AF9D7B1EC3755B00973D1D /* ErrorHTML */ = {
			isa = PBXGroup;
			children = (
				54AF9D751EC3755100973D1D /* error.css */,
				54AF9D761EC3755100973D1D /* error.html */,
				54AF9D771EC3755100973D1D /* Error.png */,
			);
			name = ErrorHTML;
			sourceTree = "<group>";
		};
		54C1CAF91EA81EFA00B3EBF6 /* ClasesVistas */ = {
			isa = PBXGroup;
			children = (
				542DE2B01EB268BD004751ED /* MapView */,
				549199C61EAF85D0009347CC /* Cars */,
				54A47EF91EAA1BFA00340E5E /* Settings */,
				54D3381C1EA29B5600B7AFB5 /* ViewController.swift */,
				54E696A11EA7CF91008E74A6 /* LoggedView.swift */,
				54F507E41EA80A2F0041B476 /* RegistroView.swift */,
			);
			name = ClasesVistas;
			sourceTree = "<group>";
		};
		54D3380E1EA29B5600B7AFB5 = {
			isa = PBXGroup;
			children = (
				54D338191EA29B5600B7AFB5 /* CarFinder */,
				54D3382E1EA29B5700B7AFB5 /* CarFinderTests */,
				54D338391EA29B5700B7AFB5 /* CarFinderUITests */,
				54D338181EA29B5600B7AFB5 /* Products */,
				543216A41EC4CDD700453761 /* Frameworks */,
			);
			sourceTree = "<group>";
		};
		54D338181EA29B5600B7AFB5 /* Products */ = {
			isa = PBXGroup;
			children = (
				54D338171EA29B5600B7AFB5 /* CarFinder.app */,
				54D3382B1EA29B5700B7AFB5 /* CarFinderTests.xctest */,
				54D338361EA29B5700B7AFB5 /* CarFinderUITests.xctest */,
			);
			name = Products;
			sourceTree = "<group>";
		};
		54D338191EA29B5600B7AFB5 /* CarFinder */ = {
			isa = PBXGroup;
			children = (
				54AF9D7B1EC3755B00973D1D /* ErrorHTML */,
				542767911EABC7D300B341D1 /* MapHTML */,
				54C1CAF91EA81EFA00B3EBF6 /* ClasesVistas */,
				54F507E11EA7F3420041B476 /* Servidor */,
				54D3381A1EA29B5600B7AFB5 /* AppDelegate.swift */,
				54D3381E1EA29B5600B7AFB5 /* Main.storyboard */,
				54D338211EA29B5600B7AFB5 /* Assets.xcassets */,
				54D338231EA29B5600B7AFB5 /* LaunchScreen.storyboard */,
				54D338261EA29B5600B7AFB5 /* Info.plist */,
				54E696A31EA7D081008E74A6 /* Logged.storyboard */,
				54C1CAF71EA81E5000B3EBF6 /* Extensiones.swift */,
				547A81B51EC334E000DC2E57 /* URLExtension.swift */,
			);
			path = CarFinder;
			sourceTree = "<group>";
		};
		54D3382E1EA29B5700B7AFB5 /* CarFinderTests */ = {
			isa = PBXGroup;
			children = (
				54D3382F1EA29B5700B7AFB5 /* CarFinderTests.swift */,
				54D338311EA29B5700B7AFB5 /* Info.plist */,
			);
			path = CarFinderTests;
			sourceTree = "<group>";
		};
		54D338391EA29B5700B7AFB5 /* CarFinderUITests */ = {
			isa = PBXGroup;
			children = (
				54D3383A1EA29B5700B7AFB5 /* CarFinderUITests.swift */,
				54D3383C1EA29B5700B7AFB5 /* Info.plist */,
			);
			path = CarFinderUITests;
			sourceTree = "<group>";
		};
		54F507E11EA7F3420041B476 /* Servidor */ = {
			isa = PBXGroup;
			children = (
				547970821EA6792700126B51 /* conexion.swift */,
				54F507E21EA7F3690041B476 /* Usuarios.swift */,
				549199C91EAF87F0009347CC /* Coches.swift */,
				542DE2B31EB2941D004751ED /* Mapa.swift */,
			);
			name = Servidor;
			sourceTree = "<group>";
		};
/* End PBXGroup section */

/* Begin PBXNativeTarget section */
		54D338161EA29B5600B7AFB5 /* CarFinder */ = {
			isa = PBXNativeTarget;
			buildConfigurationList = 54D3383F1EA29B5700B7AFB5 /* Build configuration list for PBXNativeTarget "CarFinder" */;
			buildPhases = (
				54D338131EA29B5600B7AFB5 /* Sources */,
				54D338141EA29B5600B7AFB5 /* Frameworks */,
				54D338151EA29B5600B7AFB5 /* Resources */,
			);
			buildRules = (
			);
			dependencies = (
			);
			name = CarFinder;
			productName = CarFinder;
			productReference = 54D338171EA29B5600B7AFB5 /* CarFinder.app */;
			productType = "com.apple.product-type.application";
		};
		54D3382A1EA29B5600B7AFB5 /* CarFinderTests */ = {
			isa = PBXNativeTarget;
			buildConfigurationList = 54D338421EA29B5700B7AFB5 /* Build configuration list for PBXNativeTarget "CarFinderTests" */;
			buildPhases = (
				54D338271EA29B5600B7AFB5 /* Sources */,
				54D338281EA29B5600B7AFB5 /* Frameworks */,
				54D338291EA29B5600B7AFB5 /* Resources */,
			);
			buildRules = (
			);
			dependencies = (
				54D3382D1EA29B5700B7AFB5 /* PBXTargetDependency */,
			);
			name = CarFinderTests;
			productName = CarFinderTests;
			productReference = 54D3382B1EA29B5700B7AFB5 /* CarFinderTests.xctest */;
			productType = "com.apple.product-type.bundle.unit-test";
		};
		54D338351EA29B5700B7AFB5 /* CarFinderUITests */ = {
			isa = PBXNativeTarget;
			buildConfigurationList = 54D338451EA29B5700B7AFB5 /* Build configuration list for PBXNativeTarget "CarFinderUITests" */;
			buildPhases = (
				54D338321EA29B5700B7AFB5 /* Sources */,
				54D338331EA29B5700B7AFB5 /* Frameworks */,
				54D338341EA29B5700B7AFB5 /* Resources */,
			);
			buildRules = (
			);
			dependencies = (
				54D338381EA29B5700B7AFB5 /* PBXTargetDependency */,
			);
			name = CarFinderUITests;
			productName = CarFinderUITests;
			productReference = 54D338361EA29B5700B7AFB5 /* CarFinderUITests.xctest */;
			productType = "com.apple.product-type.bundle.ui-testing";
		};
/* End PBXNativeTarget section */

/* Begin PBXProject section */
		54D3380F1EA29B5600B7AFB5 /* Project object */ = {
			isa = PBXProject;
			attributes = {
				LastSwiftUpdateCheck = 0830;
				LastUpgradeCheck = 0830;
				ORGANIZATIONNAME = Mauri;
				TargetAttributes = {
					54D338161EA29B5600B7AFB5 = {
						CreatedOnToolsVersion = 8.3.1;
						DevelopmentTeam = 27YD64ZSR9;
						ProvisioningStyle = Automatic;
						SystemCapabilities = {
							com.apple.Maps.iOS = {
								enabled = 0;
							};
						};
					};
					54D3382A1EA29B5600B7AFB5 = {
						CreatedOnToolsVersion = 8.3.1;
						DevelopmentTeam = 27YD64ZSR9;
						ProvisioningStyle = Automatic;
						TestTargetID = 54D338161EA29B5600B7AFB5;
					};
					54D338351EA29B5700B7AFB5 = {
						CreatedOnToolsVersion = 8.3.1;
						DevelopmentTeam = 27YD64ZSR9;
						ProvisioningStyle = Automatic;
						TestTargetID = 54D338161EA29B5600B7AFB5;
					};
				};
			};
			buildConfigurationList = 54D338121EA29B5600B7AFB5 /* Build configuration list for PBXProject "CarFinder" */;
			compatibilityVersion = "Xcode 3.2";
			developmentRegion = English;
			hasScannedForEncodings = 0;
			knownRegions = (
				en,
				Base,
			);
			mainGroup = 54D3380E1EA29B5600B7AFB5;
			productRefGroup = 54D338181EA29B5600B7AFB5 /* Products */;
			projectDirPath = "";
			projectRoot = "";
			targets = (
				54D338161EA29B5600B7AFB5 /* CarFinder */,
				54D3382A1EA29B5600B7AFB5 /* CarFinderTests */,
				54D338351EA29B5700B7AFB5 /* CarFinderUITests */,
			);
		};
/* End PBXProject section */

/* Begin PBXResourcesBuildPhase section */
		54D338151EA29B5600B7AFB5 /* Resources */ = {
			isa = PBXResourcesBuildPhase;
			buildActionMask = 2147483647;
			files = (
				54D338251EA29B5600B7AFB5 /* LaunchScreen.storyboard in Resources */,
				54D338221EA29B5600B7AFB5 /* Assets.xcassets in Resources */,
				542767941EABC7E200B341D1 /* javascript.js in Resources */,
				54AF9D7A1EC3755100973D1D /* Error.png in Resources */,
				542767951EABC7E200B341D1 /* mapa.html in Resources */,
				54E696A41EA7D081008E74A6 /* Logged.storyboard in Resources */,
				54D338201EA29B5600B7AFB5 /* Main.storyboard in Resources */,
				54AF9D781EC3755100973D1D /* error.css in Resources */,
				54AF9D791EC3755100973D1D /* error.html in Resources */,
			);
			runOnlyForDeploymentPostprocessing = 0;
		};
		54D338291EA29B5600B7AFB5 /* Resources */ = {
			isa = PBXResourcesBuildPhase;
			buildActionMask = 2147483647;
			files = (
			);
			runOnlyForDeploymentPostprocessing = 0;
		};
		54D338341EA29B5700B7AFB5 /* Resources */ = {
			isa = PBXResourcesBuildPhase;
			buildActionMask = 2147483647;
			files = (
			);
			runOnlyForDeploymentPostprocessing = 0;
		};
/* End PBXResourcesBuildPhase section */

/* Begin PBXSourcesBuildPhase section */
		54D338131EA29B5600B7AFB5 /* Sources */ = {
			isa = PBXSourcesBuildPhase;
			buildActionMask = 2147483647;
			files = (
				54E696A21EA7CF91008E74A6 /* LoggedView.swift in Sources */,
				54F48BEC1EA95953009E4D49 /* SettingsView.swift in Sources */,
				54C1CAF81EA81E5000B3EBF6 /* Extensiones.swift in Sources */,
				54D3381D1EA29B5600B7AFB5 /* ViewController.swift in Sources */,
				542DE2B41EB2941D004751ED /* Mapa.swift in Sources */,
				547A81B61EC334E000DC2E57 /* URLExtension.swift in Sources */,
				549199C81EAF85ED009347CC /* CarPrincipalView.swift in Sources */,
				5425E0E41EACCF150008D013 /* PersonalDataView.swift in Sources */,
				54F507E51EA80A2F0041B476 /* RegistroView.swift in Sources */,
				547970831EA6792700126B51 /* conexion.swift in Sources */,
				542DE2B21EB268DD004751ED /* MapTableController.swift in Sources */,
				5463DD691EAFF0C100FDE2DA /* AddCarView.swift in Sources */,
				54F507E31EA7F3690041B476 /* Usuarios.swift in Sources */,
				54A47EFD1EAA3E6700340E5E /* MapView.swift in Sources */,
				54D3381B1EA29B5600B7AFB5 /* AppDelegate.swift in Sources */,
				549199CA1EAF87F0009347CC /* Coches.swift in Sources */,
				543216A31EC4C2A400453761 /* TransferCoches.swift in Sources */,
			);
			runOnlyForDeploymentPostprocessing = 0;
		};
		54D338271EA29B5600B7AFB5 /* Sources */ = {
			isa = PBXSourcesBuildPhase;
			buildActionMask = 2147483647;
			files = (
				54D338301EA29B5700B7AFB5 /* CarFinderTests.swift in Sources */,
			);
			runOnlyForDeploymentPostprocessing = 0;
		};
		54D338321EA29B5700B7AFB5 /* Sources */ = {
			isa = PBXSourcesBuildPhase;
			buildActionMask = 2147483647;
			files = (
				54D3383B1EA29B5700B7AFB5 /* CarFinderUITests.swift in Sources */,
			);
			runOnlyForDeploymentPostprocessing = 0;
		};
/* End PBXSourcesBuildPhase section */

/* Begin PBXTargetDependency section */
		54D3382D1EA29B5700B7AFB5 /* PBXTargetDependency */ = {
			isa = PBXTargetDependency;
			target = 54D338161EA29B5600B7AFB5 /* CarFinder */;
			targetProxy = 54D3382C1EA29B5700B7AFB5 /* PBXContainerItemProxy */;
		};
		54D338381EA29B5700B7AFB5 /* PBXTargetDependency */ = {
			isa = PBXTargetDependency;
			target = 54D338161EA29B5600B7AFB5 /* CarFinder */;
			targetProxy = 54D338371EA29B5700B7AFB5 /* PBXContainerItemProxy */;
		};
/* End PBXTargetDependency section */

/* Begin PBXVariantGroup section */
		54D3381E1EA29B5600B7AFB5 /* Main.storyboard */ = {
			isa = PBXVariantGroup;
			children = (
				54D3381F1EA29B5600B7AFB5 /* Base */,
			);
			name = Main.storyboard;
			sourceTree = "<group>";
		};
		54D338231EA29B5600B7AFB5 /* LaunchScreen.storyboard */ = {
			isa = PBXVariantGroup;
			children = (
				54D338241EA29B5600B7AFB5 /* Base */,
			);
			name = LaunchScreen.storyboard;
			sourceTree = "<group>";
		};
/* End PBXVariantGroup section */

/* Begin XCBuildConfiguration section */
		54D3383D1EA29B5700B7AFB5 /* Debug */ = {
			isa = XCBuildConfiguration;
			buildSettings = {
				ALWAYS_SEARCH_USER_PATHS = NO;
				CLANG_ANALYZER_NONNULL = YES;
				CLANG_ANALYZER_NUMBER_OBJECT_CONVERSION = YES_AGGRESSIVE;
				CLANG_CXX_LANGUAGE_STANDARD = "gnu++0x";
				CLANG_CXX_LIBRARY = "libc++";
				CLANG_ENABLE_MODULES = YES;
				CLANG_ENABLE_OBJC_ARC = YES;
				CLANG_WARN_BOOL_CONVERSION = YES;
				CLANG_WARN_CONSTANT_CONVERSION = YES;
				CLANG_WARN_DIRECT_OBJC_ISA_USAGE = YES_ERROR;
				CLANG_WARN_DOCUMENTATION_COMMENTS = YES;
				CLANG_WARN_EMPTY_BODY = YES;
				CLANG_WARN_ENUM_CONVERSION = YES;
				CLANG_WARN_INFINITE_RECURSION = YES;
				CLANG_WARN_INT_CONVERSION = YES;
				CLANG_WARN_OBJC_ROOT_CLASS = YES_ERROR;
				CLANG_WARN_SUSPICIOUS_MOVE = YES;
				CLANG_WARN_UNREACHABLE_CODE = YES;
				CLANG_WARN__DUPLICATE_METHOD_MATCH = YES;
				"CODE_SIGN_IDENTITY[sdk=iphoneos*]" = "iPhone Developer";
				COPY_PHASE_STRIP = NO;
				DEBUG_INFORMATION_FORMAT = dwarf;
				ENABLE_STRICT_OBJC_MSGSEND = YES;
				ENABLE_TESTABILITY = YES;
				GCC_C_LANGUAGE_STANDARD = gnu99;
				GCC_DYNAMIC_NO_PIC = NO;
				GCC_NO_COMMON_BLOCKS = YES;
				GCC_OPTIMIZATION_LEVEL = 0;
				GCC_PREPROCESSOR_DEFINITIONS = (
					"DEBUG=1",
					"$(inherited)",
				);
				GCC_WARN_64_TO_32_BIT_CONVERSION = YES;
				GCC_WARN_ABOUT_RETURN_TYPE = YES_ERROR;
				GCC_WARN_UNDECLARED_SELECTOR = YES;
				GCC_WARN_UNINITIALIZED_AUTOS = YES_AGGRESSIVE;
				GCC_WARN_UNUSED_FUNCTION = YES;
				GCC_WARN_UNUSED_VARIABLE = YES;
				IPHONEOS_DEPLOYMENT_TARGET = 10.3;
				MTL_ENABLE_DEBUG_INFO = YES;
				ONLY_ACTIVE_ARCH = YES;
				SDKROOT = iphoneos;
				SWIFT_ACTIVE_COMPILATION_CONDITIONS = DEBUG;
				SWIFT_OPTIMIZATION_LEVEL = "-Onone";
			};
			name = Debug;
		};
		54D3383E1EA29B5700B7AFB5 /* Release */ = {
			isa = XCBuildConfiguration;
			buildSettings = {
				ALWAYS_SEARCH_USER_PATHS = NO;
				CLANG_ANALYZER_NONNULL = YES;
				CLANG_ANALYZER_NUMBER_OBJECT_CONVERSION = YES_AGGRESSIVE;
				CLANG_CXX_LANGUAGE_STANDARD = "gnu++0x";
				CLANG_CXX_LIBRARY = "libc++";
				CLANG_ENABLE_MODULES = YES;
				CLANG_ENABLE_OBJC_ARC = YES;
				CLANG_WARN_BOOL_CONVERSION = YES;
				CLANG_WARN_CONSTANT_CONVERSION = YES;
				CLANG_WARN_DIRECT_OBJC_ISA_USAGE = YES_ERROR;
				CLANG_WARN_DOCUMENTATION_COMMENTS = YES;
				CLANG_WARN_EMPTY_BODY = YES;
				CLANG_WARN_ENUM_CONVERSION = YES;
				CLANG_WARN_INFINITE_RECURSION = YES;
				CLANG_WARN_INT_CONVERSION = YES;
				CLANG_WARN_OBJC_ROOT_CLASS = YES_ERROR;
				CLANG_WARN_SUSPICIOUS_MOVE = YES;
				CLANG_WARN_UNREACHABLE_CODE = YES;
				CLANG_WARN__DUPLICATE_METHOD_MATCH = YES;
				"CODE_SIGN_IDENTITY[sdk=iphoneos*]" = "iPhone Developer";
				COPY_PHASE_STRIP = NO;
				DEBUG_INFORMATION_FORMAT = "dwarf-with-dsym";
				ENABLE_NS_ASSERTIONS = NO;
				ENABLE_STRICT_OBJC_MSGSEND = YES;
				GCC_C_LANGUAGE_STANDARD = gnu99;
				GCC_NO_COMMON_BLOCKS = YES;
				GCC_WARN_64_TO_32_BIT_CONVERSION = YES;
				GCC_WARN_ABOUT_RETURN_TYPE = YES_ERROR;
				GCC_WARN_UNDECLARED_SELECTOR = YES;
				GCC_WARN_UNINITIALIZED_AUTOS = YES_AGGRESSIVE;
				GCC_WARN_UNUSED_FUNCTION = YES;
				GCC_WARN_UNUSED_VARIABLE = YES;
				IPHONEOS_DEPLOYMENT_TARGET = 10.3;
				MTL_ENABLE_DEBUG_INFO = NO;
				SDKROOT = iphoneos;
				SWIFT_OPTIMIZATION_LEVEL = "-Owholemodule";
				VALIDATE_PRODUCT = YES;
			};
			name = Release;
		};
		54D338401EA29B5700B7AFB5 /* Debug */ = {
			isa = XCBuildConfiguration;
			buildSettings = {
				ASSETCATALOG_COMPILER_APPICON_NAME = AppIcon;
				DEVELOPMENT_TEAM = 27YD64ZSR9;
				INFOPLIST_FILE = CarFinder/Info.plist;
				IPHONEOS_DEPLOYMENT_TARGET = 8.4;
				LD_RUNPATH_SEARCH_PATHS = "$(inherited) @executable_path/Frameworks";
				PRODUCT_BUNDLE_IDENTIFIER = ucm.fdi.CarFinder;
				PRODUCT_NAME = "$(TARGET_NAME)";
				SWIFT_VERSION = 3.0;
			};
			name = Debug;
		};
		54D338411EA29B5700B7AFB5 /* Release */ = {
			isa = XCBuildConfiguration;
			buildSettings = {
				ASSETCATALOG_COMPILER_APPICON_NAME = AppIcon;
				DEVELOPMENT_TEAM = 27YD64ZSR9;
				INFOPLIST_FILE = CarFinder/Info.plist;
				IPHONEOS_DEPLOYMENT_TARGET = 8.4;
				LD_RUNPATH_SEARCH_PATHS = "$(inherited) @executable_path/Frameworks";
				PRODUCT_BUNDLE_IDENTIFIER = ucm.fdi.CarFinder;
				PRODUCT_NAME = "$(TARGET_NAME)";
				SWIFT_VERSION = 3.0;
			};
			name = Release;
		};
		54D338431EA29B5700B7AFB5 /* Debug */ = {
			isa = XCBuildConfiguration;
			buildSettings = {
				ALWAYS_EMBED_SWIFT_STANDARD_LIBRARIES = YES;
				BUNDLE_LOADER = "$(TEST_HOST)";
				DEVELOPMENT_TEAM = 27YD64ZSR9;
				INFOPLIST_FILE = CarFinderTests/Info.plist;
				LD_RUNPATH_SEARCH_PATHS = "$(inherited) @executable_path/Frameworks @loader_path/Frameworks";
				PRODUCT_BUNDLE_IDENTIFIER = ucm.fdi.CarFinderTests;
				PRODUCT_NAME = "$(TARGET_NAME)";
				SWIFT_VERSION = 3.0;
				TEST_HOST = "$(BUILT_PRODUCTS_DIR)/CarFinder.app/CarFinder";
			};
			name = Debug;
		};
		54D338441EA29B5700B7AFB5 /* Release */ = {
			isa = XCBuildConfiguration;
			buildSettings = {
				ALWAYS_EMBED_SWIFT_STANDARD_LIBRARIES = YES;
				BUNDLE_LOADER = "$(TEST_HOST)";
				DEVELOPMENT_TEAM = 27YD64ZSR9;
				INFOPLIST_FILE = CarFinderTests/Info.plist;
				LD_RUNPATH_SEARCH_PATHS = "$(inherited) @executable_path/Frameworks @loader_path/Frameworks";
				PRODUCT_BUNDLE_IDENTIFIER = ucm.fdi.CarFinderTests;
				PRODUCT_NAME = "$(TARGET_NAME)";
				SWIFT_VERSION = 3.0;
				TEST_HOST = "$(BUILT_PRODUCTS_DIR)/CarFinder.app/CarFinder";
			};
			name = Release;
		};
		54D338461EA29B5700B7AFB5 /* Debug */ = {
			isa = XCBuildConfiguration;
			buildSettings = {
				ALWAYS_EMBED_SWIFT_STANDARD_LIBRARIES = YES;
				DEVELOPMENT_TEAM = 27YD64ZSR9;
				INFOPLIST_FILE = CarFinderUITests/Info.plist;
				LD_RUNPATH_SEARCH_PATHS = "$(inherited) @executable_path/Frameworks @loader_path/Frameworks";
				PRODUCT_BUNDLE_IDENTIFIER = ucm.fdi.CarFinderUITests;
				PRODUCT_NAME = "$(TARGET_NAME)";
				SWIFT_VERSION = 3.0;
				TEST_TARGET_NAME = CarFinder;
			};
			name = Debug;
		};
		54D338471EA29B5700B7AFB5 /* Release */ = {
			isa = XCBuildConfiguration;
			buildSettings = {
				ALWAYS_EMBED_SWIFT_STANDARD_LIBRARIES = YES;
				DEVELOPMENT_TEAM = 27YD64ZSR9;
				INFOPLIST_FILE = CarFinderUITests/Info.plist;
				LD_RUNPATH_SEARCH_PATHS = "$(inherited) @executable_path/Frameworks @loader_path/Frameworks";
				PRODUCT_BUNDLE_IDENTIFIER = ucm.fdi.CarFinderUITests;
				PRODUCT_NAME = "$(TARGET_NAME)";
				SWIFT_VERSION = 3.0;
				TEST_TARGET_NAME = CarFinder;
			};
			name = Release;
		};
/* End XCBuildConfiguration section */

/* Begin XCConfigurationList section */
		54D338121EA29B5600B7AFB5 /* Build configuration list for PBXProject "CarFinder" */ = {
			isa = XCConfigurationList;
			buildConfigurations = (
				54D3383D1EA29B5700B7AFB5 /* Debug */,
				54D3383E1EA29B5700B7AFB5 /* Release */,
			);
			defaultConfigurationIsVisible = 0;
			defaultConfigurationName = Release;
		};
		54D3383F1EA29B5700B7AFB5 /* Build configuration list for PBXNativeTarget "CarFinder" */ = {
			isa = XCConfigurationList;
			buildConfigurations = (
				54D338401EA29B5700B7AFB5 /* Debug */,
				54D338411EA29B5700B7AFB5 /* Release */,
			);
			defaultConfigurationIsVisible = 0;
			defaultConfigurationName = Release;
		};
		54D338421EA29B5700B7AFB5 /* Build configuration list for PBXNativeTarget "CarFinderTests" */ = {
			isa = XCConfigurationList;
			buildConfigurations = (
				54D338431EA29B5700B7AFB5 /* Debug */,
				54D338441EA29B5700B7AFB5 /* Release */,
			);
			defaultConfigurationIsVisible = 0;
			defaultConfigurationName = Release;
		};
		54D338451EA29B5700B7AFB5 /* Build configuration list for PBXNativeTarget "CarFinderUITests" */ = {
			isa = XCConfigurationList;
			buildConfigurations = (
				54D338461EA29B5700B7AFB5 /* Debug */,
				54D338471EA29B5700B7AFB5 /* Release */,
			);
			defaultConfigurationIsVisible = 0;
			defaultConfigurationName = Release;
		};
/* End XCConfigurationList section */
	};
	rootObject = 54D3380F1EA29B5600B7AFB5 /* Project object */;
}
